
Microsoft Visual Studio Solution File, Format Version 12.00
# Visual Studio Version 17
VisualStudioVersion = 17.7.34018.315
MinimumVisualStudioVersion = 10.0.40219.1
Project("{FAE04EC0-301F-11D3-BF4B-00C04F79EFBC}") = "2M_05_figury", "2M_05_figury\2M_05_figury.csproj", "{14FE7E6B-6605-4778-9977-D3E3DC6946A0}"
EndProject
Global
	GlobalSection(SolutionConfigurationPlatforms) = preSolution
		Debug|Any CPU = Debug|Any CPU
		Release|Any CPU = Release|Any CPU
	EndGlobalSection
	GlobalSection(ProjectConfigurationPlatforms) = postSolution
		{14FE7E6B-6605-4778-9977-D3E3DC6946A0}.Debug|Any CPU.ActiveCfg = Debug|Any CPU
		{14FE7E6B-6605-4778-9977-D3E3DC6946A0}.Debug|Any CPU.Build.0 = Debug|Any CPU
		{14FE7E6B-6605-4778-9977-D3E3DC6946A0}.Release|Any CPU.ActiveCfg = Release|Any CPU
		{14FE7E6B-6605-4778-9977-D3E3DC6946A0}.Release|Any CPU.Build.0 = Release|Any CPU
	EndGlobalSection
	GlobalSection(SolutionProperties) = preSolution
		HideSolutionNode = FALSE
	EndGlobalSection
	GlobalSection(ExtensibilityGlobals) = postSolution
		SolutionGuid = {ECB483E8-B5AD-46DB-AFEE-3E60536735C2}
	EndGlobalSection
EndGlobal
